
Microsoft Visual Studio Solution File, Format Version 12.00
# Visual Studio 15
VisualStudioVersion = 15.0.26403.3
MinimumVisualStudioVersion = 10.0.40219.1
Project("{FAE04EC0-301F-11D3-BF4B-00C04F79EFBC}") = "JChat", "JChat\JChat.csproj", "{63E9616E-E86D-40E5-97CA-5EC2242035A0}"
EndProject
Project("{FAE04EC0-301F-11D3-BF4B-00C04F79EFBC}") = "JToolsLib", "JToolsLib\JToolsLib.csproj", "{9D2D7BEE-93B8-4B91-ACAF-CECE7A135267}"
EndProject
Project("{FAE04EC0-301F-11D3-BF4B-00C04F79EFBC}") = "JExtensionCore", "JExtensionCore\JExtensionCore.csproj", "{30880BF2-C8DC-4CB7-97A2-783A624080D7}"
EndProject
Project("{FAE04EC0-301F-11D3-BF4B-00C04F79EFBC}") = "JEntity", "JEntity\JEntity.csproj", "{C2FC86DF-6B34-4DB9-84C6-7B1790865C91}"
EndProject
Project("{FAE04EC0-301F-11D3-BF4B-00C04F79EFBC}") = "JService", "JService\JService.csproj", "{3A8A6DBE-AF64-41D7-92E2-5AEE661E52C9}"
EndProject
Project("{FAE04EC0-301F-11D3-BF4B-00C04F79EFBC}") = "JStyleLib", "JStyleLib\JStyleLib.csproj", "{1128D687-FF7D-4BA8-8674-FA96563BDE3F}"
EndProject
Global
	GlobalSection(SolutionConfigurationPlatforms) = preSolution
		Debug|Any CPU = Debug|Any CPU
		Release|Any CPU = Release|Any CPU
	EndGlobalSection
	GlobalSection(ProjectConfigurationPlatforms) = postSolution
		{63E9616E-E86D-40E5-97CA-5EC2242035A0}.Debug|Any CPU.ActiveCfg = Debug|Any CPU
		{63E9616E-E86D-40E5-97CA-5EC2242035A0}.Debug|Any CPU.Build.0 = Debug|Any CPU
		{63E9616E-E86D-40E5-97CA-5EC2242035A0}.Release|Any CPU.ActiveCfg = Release|Any CPU
		{63E9616E-E86D-40E5-97CA-5EC2242035A0}.Release|Any CPU.Build.0 = Release|Any CPU
		{9D2D7BEE-93B8-4B91-ACAF-CECE7A135267}.Debug|Any CPU.ActiveCfg = Debug|Any CPU
		{9D2D7BEE-93B8-4B91-ACAF-CECE7A135267}.Debug|Any CPU.Build.0 = Debug|Any CPU
		{9D2D7BEE-93B8-4B91-ACAF-CECE7A135267}.Release|Any CPU.ActiveCfg = Release|Any CPU
		{9D2D7BEE-93B8-4B91-ACAF-CECE7A135267}.Release|Any CPU.Build.0 = Release|Any CPU
		{30880BF2-C8DC-4CB7-97A2-783A624080D7}.Debug|Any CPU.ActiveCfg = Debug|Any CPU
		{30880BF2-C8DC-4CB7-97A2-783A624080D7}.Debug|Any CPU.Build.0 = Debug|Any CPU
		{30880BF2-C8DC-4CB7-97A2-783A624080D7}.Release|Any CPU.ActiveCfg = Release|Any CPU
		{30880BF2-C8DC-4CB7-97A2-783A624080D7}.Release|Any CPU.Build.0 = Release|Any CPU
		{C2FC86DF-6B34-4DB9-84C6-7B1790865C91}.Debug|Any CPU.ActiveCfg = Debug|Any CPU
		{C2FC86DF-6B34-4DB9-84C6-7B1790865C91}.Debug|Any CPU.Build.0 = Debug|Any CPU
		{C2FC86DF-6B34-4DB9-84C6-7B1790865C91}.Release|Any CPU.ActiveCfg = Release|Any CPU
		{C2FC86DF-6B34-4DB9-84C6-7B1790865C91}.Release|Any CPU.Build.0 = Release|Any CPU
		{3A8A6DBE-AF64-41D7-92E2-5AEE661E52C9}.Debug|Any CPU.ActiveCfg = Debug|Any CPU
		{3A8A6DBE-AF64-41D7-92E2-5AEE661E52C9}.Debug|Any CPU.Build.0 = Debug|Any CPU
		{3A8A6DBE-AF64-41D7-92E2-5AEE661E52C9}.Release|Any CPU.ActiveCfg = Release|Any CPU
		{3A8A6DBE-AF64-41D7-92E2-5AEE661E52C9}.Release|Any CPU.Build.0 = Release|Any CPU
		{1128D687-FF7D-4BA8-8674-FA96563BDE3F}.Debug|Any CPU.ActiveCfg = Debug|Any CPU
		{1128D687-FF7D-4BA8-8674-FA96563BDE3F}.Debug|Any CPU.Build.0 = Debug|Any CPU
		{1128D687-FF7D-4BA8-8674-FA96563BDE3F}.Release|Any CPU.ActiveCfg = Release|Any CPU
		{1128D687-FF7D-4BA8-8674-FA96563BDE3F}.Release|Any CPU.Build.0 = Release|Any CPU
	EndGlobalSection
	GlobalSection(SolutionProperties) = preSolution
		HideSolutionNode = FALSE
	EndGlobalSection
EndGlobal
